
Microsoft Visual Studio Solution File, Format Version 12.00
# Visual Studio Version 17
VisualStudioVersion = 17.3.32804.467
MinimumVisualStudioVersion = 10.0.40219.1
Project("{FAE04EC0-301F-11D3-BF4B-00C04F79EFBC}") = "TextSplitter", "TextSplitter\TextSplitter.csproj", "{AAA81863-3BE3-435D-BF2B-FDBC49AB91CD}"
EndProject
Global
	GlobalSection(SolutionConfigurationPlatforms) = preSolution
		Debug|Any CPU = Debug|Any CPU
		Release|Any CPU = Release|Any CPU
	EndGlobalSection
	GlobalSection(ProjectConfigurationPlatforms) = postSolution
		{AAA81863-3BE3-435D-BF2B-FDBC49AB91CD}.Debug|Any CPU.ActiveCfg = Debug|Any CPU
		{AAA81863-3BE3-435D-BF2B-FDBC49AB91CD}.Debug|Any CPU.Build.0 = Debug|Any CPU
		{AAA81863-3BE3-435D-BF2B-FDBC49AB91CD}.Release|Any CPU.ActiveCfg = Release|Any CPU
		{AAA81863-3BE3-435D-BF2B-FDBC49AB91CD}.Release|Any CPU.Build.0 = Release|Any CPU
	EndGlobalSection
	GlobalSection(SolutionProperties) = preSolution
		HideSolutionNode = FALSE
	EndGlobalSection
	GlobalSection(ExtensibilityGlobals) = postSolution
		SolutionGuid = {268C2ED6-92C5-4D76-A2B9-7A689429310D}
	EndGlobalSection
EndGlobal
